
Microsoft Visual Studio Solution File, Format Version 12.00
# Visual Studio Version 16
VisualStudioVersion = 16.0.29728.190
MinimumVisualStudioVersion = 10.0.40219.1
Project("{FAE04EC0-301F-11D3-BF4B-00C04F79EFBC}") = "Registru_Intrari_Iesiri", "Registru_Intrari_Iesiri\Registru_Intrari_Iesiri.csproj", "{B1919B10-F4C9-4091-9C37-DAEBF4C97ECF}"
EndProject
Global
	GlobalSection(SolutionConfigurationPlatforms) = preSolution
		Debug|Any CPU = Debug|Any CPU
		Release|Any CPU = Release|Any CPU
	EndGlobalSection
	GlobalSection(ProjectConfigurationPlatforms) = postSolution
		{B1919B10-F4C9-4091-9C37-DAEBF4C97ECF}.Debug|Any CPU.ActiveCfg = Debug|Any CPU
		{B1919B10-F4C9-4091-9C37-DAEBF4C97ECF}.Debug|Any CPU.Build.0 = Debug|Any CPU
		{B1919B10-F4C9-4091-9C37-DAEBF4C97ECF}.Release|Any CPU.ActiveCfg = Release|Any CPU
		{B1919B10-F4C9-4091-9C37-DAEBF4C97ECF}.Release|Any CPU.Build.0 = Release|Any CPU
	EndGlobalSection
	GlobalSection(SolutionProperties) = preSolution
		HideSolutionNode = FALSE
	EndGlobalSection
	GlobalSection(ExtensibilityGlobals) = postSolution
		SolutionGuid = {54B37A4D-3328-4A35-BF03-B839C137BC1B}
	EndGlobalSection
EndGlobal
